{
  "name": "srt-merge",
  "version": "1.0.0",
  "lockfileVersion": 1,
  "requires": true,
  "dependencies": {
    "subtitle": {
      "version": "2.0.0",
      "resolved": "https://registry.npmjs.org/subtitle/-/subtitle-2.0.0.tgz",
      "integrity": "sha1-6WL3LzYa0y40s5Pqw9t3J4y3c60=",
      "requires": {
        "zero-fill": "2.2.3"
      }
    },
    "zero-fill": {
      "version": "2.2.3",
      "resolved": "https://registry.npmjs.org/zero-fill/-/zero-fill-2.2.3.tgz",
      "integrity": "sha1-o97wa6XjmuZEhQu0yirUEStIVek="
    }
  }
}
