# THIS IS AN AUTOGENERATED FILE. DO NOT EDIT THIS FILE DIRECTLY.
# yarn lockfile v1


subtitle@^2.0.0:
  version "2.0.3"
  resolved "https://registry.yarnpkg.com/subtitle/-/subtitle-2.0.3.tgz#1fed16180273e60dc4be320ecc8ec2f90a51a28d"
  integrity sha512-NAQVYcWOGky/zEv37EGaTk6VK3WmD3m9JGILLcoh2YTAnXTcVhvNilAWPcqVKtWhmi3zYOBLSGa+3ufetLFrsA==
  dependencies:
    zero-fill "^2.2.3"

zero-fill@^2.2.3:
  version "2.2.3"
  resolved "https://registry.yarnpkg.com/zero-fill/-/zero-fill-2.2.3.tgz#a3def06ba5e39ae644850bb4ca2ad4112b4855e9"
  integrity sha1-o97wa6XjmuZEhQu0yirUEStIVek=
